<Solution>
  <Folder Name="/01/">
    <Project Path="EvenOrOdd/EvenOrOdd.csproj" />
  </Folder>
  <Folder Name="/02/">
    <Project Path="TheGreatsNumber/TheGreatsNumber.csproj" />
  </Folder>
  <Folder Name="/03/">
    <Project Path="SortingOfThreeNumbers/SortingOfThreeNumbers.csproj" Id="f1277a12-0176-4bb2-aea7-9587b424a0b6" />
  </Folder>
  <Folder Name="/04/">
    <Project Path="One number is a multiple of another/One number is a multiple of another.csproj" Id="43035396-03e5-4668-9b9e-3f3da6835c6e" />
  </Folder>
  <Folder Name="/05/">
    <Project Path="LeapYear/LeapYear.csproj" Id="2ee4842a-a1dc-4640-a1d8-165c5b4ca317" />
  </Folder>
  <Folder Name="/06/">
    <Project Path="SymplePayroll/SymplePayroll.csproj" Id="f076fa29-f34f-4e7a-88bb-186198b84cef" />
  </Folder>
  <Folder Name="/07/">
    <Project Path="Discount/Discount.csproj" Id="83767517-7e81-46af-95ba-7b1eaabbbe36" />
  </Folder>
  <Folder Name="/08/">
    <Project Path="TuitionOfCost/TuitionOfCost.csproj" Id="191cb4fd-5751-4821-8f2e-b8b25e7b7c1a" />
  </Folder>
  <Folder Name="/Shared/">
    <Project Path="Shared/Shared.csproj" />
  </Folder>
</Solution>
